// !$*UTF8*$!
{
	archiveVersion = 1;
	classes = {
	};
	objectVersion = 56;
	objects = {

/* Begin PBXBuildFile section */
		FDDA483F2A0AEFCB00270128 /* NewsAppSwiftUIApp.swift in Sources */ = {isa = PBXBuildFile; fileRef = FDDA483E2A0AEFCB00270128 /* NewsAppSwiftUIApp.swift */; };
		FDDA48412A0AEFCB00270128 /* ContentView.swift in Sources */ = {isa = PBXBuildFile; fileRef = FDDA48402A0AEFCB00270128 /* ContentView.swift */; };
		FDDA48432A0AEFCD00270128 /* Assets.xcassets in Resources */ = {isa = PBXBuildFile; fileRef = FDDA48422A0AEFCD00270128 /* Assets.xcassets */; };
		FDDA48462A0AEFCD00270128 /* Preview Assets.xcassets in Resources */ = {isa = PBXBuildFile; fileRef = FDDA48452A0AEFCD00270128 /* Preview Assets.xcassets */; };
		FDDA48502A0AEFCD00270128 /* NewsAppSwiftUITests.swift in Sources */ = {isa = PBXBuildFile; fileRef = FDDA484F2A0AEFCD00270128 /* NewsAppSwiftUITests.swift */; };
		FDDA485A2A0AEFCD00270128 /* NewsAppSwiftUIUITests.swift in Sources */ = {isa = PBXBuildFile; fileRef = FDDA48592A0AEFCD00270128 /* NewsAppSwiftUIUITests.swift */; };
		FDDA485C2A0AEFCD00270128 /* NewsAppSwiftUIUITestsLaunchTests.swift in Sources */ = {isa = PBXBuildFile; fileRef = FDDA485B2A0AEFCD00270128 /* NewsAppSwiftUIUITestsLaunchTests.swift */; };
		FDDA486A2A0AF74E00270128 /* Contentful in Frameworks */ = {isa = PBXBuildFile; productRef = FDDA48692A0AF74E00270128 /* Contentful */; };
		FDDA48702A0B147900270128 /* MainView.swift in Sources */ = {isa = PBXBuildFile; fileRef = FDDA486F2A0B147900270128 /* MainView.swift */; };
		FDDA48722A0B148A00270128 /* AllPosts.swift in Sources */ = {isa = PBXBuildFile; fileRef = FDDA48712A0B148A00270128 /* AllPosts.swift */; };
		FDDA48742A0BE14D00270128 /* Model.swift in Sources */ = {isa = PBXBuildFile; fileRef = FDDA48732A0BE14C00270128 /* Model.swift */; };
		FDDA48762A0BE43300270128 /* ApiClient.swift in Sources */ = {isa = PBXBuildFile; fileRef = FDDA48752A0BE43300270128 /* ApiClient.swift */; };
		FDDA48782A0BEBB100270128 /* Constant.swift in Sources */ = {isa = PBXBuildFile; fileRef = FDDA48772A0BEBB100270128 /* Constant.swift */; };
		FDDA487A2A0BF6D900270128 /* ViewModel.swift in Sources */ = {isa = PBXBuildFile; fileRef = FDDA48792A0BF6D900270128 /* ViewModel.swift */; };
		FDDA48802A0C4C3E00270128 /* ListViewCard.swift in Sources */ = {isa = PBXBuildFile; fileRef = FDDA487F2A0C4C3E00270128 /* ListViewCard.swift */; };
		FDDA48822A0C4C5B00270128 /* FeaturedViewCard.swift in Sources */ = {isa = PBXBuildFile; fileRef = FDDA48812A0C4C5B00270128 /* FeaturedViewCard.swift */; };
		FDDA48842A0C4C6900270128 /* DetailViewCard.swift in Sources */ = {isa = PBXBuildFile; fileRef = FDDA48832A0C4C6900270128 /* DetailViewCard.swift */; };
		FDDA48872A0C4CC900270128 /* SDWebImage in Frameworks */ = {isa = PBXBuildFile; productRef = FDDA48862A0C4CC900270128 /* SDWebImage */; };
		FDDA488A2A0C966700270128 /* SDWebImageSwiftUI in Frameworks */ = {isa = PBXBuildFile; productRef = FDDA48892A0C966700270128 /* SDWebImageSwiftUI */; };
		FDDA488C2A0CBCA700270128 /* ViewModifiers.swift in Sources */ = {isa = PBXBuildFile; fileRef = FDDA488B2A0CBCA700270128 /* ViewModifiers.swift */; };
		FDDA488E2A0CC19A00270128 /* WebImageView.swift in Sources */ = {isa = PBXBuildFile; fileRef = FDDA488D2A0CC19A00270128 /* WebImageView.swift */; };
/* End PBXBuildFile section */

/* Begin PBXContainerItemProxy section */
		FDDA484C2A0AEFCD00270128 /* PBXContainerItemProxy */ = {
			isa = PBXContainerItemProxy;
			containerPortal = FDDA48332A0AEFCB00270128 /* Project object */;
			proxyType = 1;
			remoteGlobalIDString = FDDA483A2A0AEFCB00270128;
			remoteInfo = NewsAppSwiftUI;
		};
		FDDA48562A0AEFCD00270128 /* PBXContainerItemProxy */ = {
			isa = PBXContainerItemProxy;
			containerPortal = FDDA48332A0AEFCB00270128 /* Project object */;
			proxyType = 1;
			remoteGlobalIDString = FDDA483A2A0AEFCB00270128;
			remoteInfo = NewsAppSwiftUI;
		};
/* End PBXContainerItemProxy section */

/* Begin PBXFileReference section */
		FDDA483B2A0AEFCB00270128 /* NewsAppSwiftUI.app */ = {isa = PBXFileReference; explicitFileType = wrapper.application; includeInIndex = 0; path = NewsAppSwiftUI.app; sourceTree = BUILT_PRODUCTS_DIR; };
		FDDA483E2A0AEFCB00270128 /* NewsAppSwiftUIApp.swift */ = {isa = PBXFileReference; lastKnownFileType = sourcecode.swift; path = NewsAppSwiftUIApp.swift; sourceTree = "<group>"; };
		FDDA48402A0AEFCB00270128 /* ContentView.swift */ = {isa = PBXFileReference; lastKnownFileType = sourcecode.swift; path = ContentView.swift; sourceTree = "<group>"; };
		FDDA48422A0AEFCD00270128 /* Assets.xcassets */ = {isa = PBXFileReference; lastKnownFileType = folder.assetcatalog; path = Assets.xcassets; sourceTree = "<group>"; };
		FDDA48452A0AEFCD00270128 /* Preview Assets.xcassets */ = {isa = PBXFileReference; lastKnownFileType = folder.assetcatalog; path = "Preview Assets.xcassets"; sourceTree = "<group>"; };
		FDDA484B2A0AEFCD00270128 /* NewsAppSwiftUITests.xctest */ = {isa = PBXFileReference; explicitFileType = wrapper.cfbundle; includeInIndex = 0; path = NewsAppSwiftUITests.xctest; sourceTree = BUILT_PRODUCTS_DIR; };
		FDDA484F2A0AEFCD00270128 /* NewsAppSwiftUITests.swift */ = {isa = PBXFileReference; lastKnownFileType = sourcecode.swift; path = NewsAppSwiftUITests.swift; sourceTree = "<group>"; };
		FDDA48552A0AEFCD00270128 /* NewsAppSwiftUIUITests.xctest */ = {isa = PBXFileReference; explicitFileType = wrapper.cfbundle; includeInIndex = 0; path = NewsAppSwiftUIUITests.xctest; sourceTree = BUILT_PRODUCTS_DIR; };
		FDDA48592A0AEFCD00270128 /* NewsAppSwiftUIUITests.swift */ = {isa = PBXFileReference; lastKnownFileType = sourcecode.swift; path = NewsAppSwiftUIUITests.swift; sourceTree = "<group>"; };
		FDDA485B2A0AEFCD00270128 /* NewsAppSwiftUIUITestsLaunchTests.swift */ = {isa = PBXFileReference; lastKnownFileType = sourcecode.swift; path = NewsAppSwiftUIUITestsLaunchTests.swift; sourceTree = "<group>"; };
		FDDA486F2A0B147900270128 /* MainView.swift */ = {isa = PBXFileReference; lastKnownFileType = sourcecode.swift; path = MainView.swift; sourceTree = "<group>"; };
		FDDA48712A0B148A00270128 /* AllPosts.swift */ = {isa = PBXFileReference; lastKnownFileType = sourcecode.swift; path = AllPosts.swift; sourceTree = "<group>"; };
		FDDA48732A0BE14C00270128 /* Model.swift */ = {isa = PBXFileReference; lastKnownFileType = sourcecode.swift; path = Model.swift; sourceTree = "<group>"; };
		FDDA48752A0BE43300270128 /* ApiClient.swift */ = {isa = PBXFileReference; lastKnownFileType = sourcecode.swift; path = ApiClient.swift; sourceTree = "<group>"; };
		FDDA48772A0BEBB100270128 /* Constant.swift */ = {isa = PBXFileReference; lastKnownFileType = sourcecode.swift; path = Constant.swift; sourceTree = "<group>"; };
		FDDA48792A0BF6D900270128 /* ViewModel.swift */ = {isa = PBXFileReference; lastKnownFileType = sourcecode.swift; path = ViewModel.swift; sourceTree = "<group>"; };
		FDDA487F2A0C4C3E00270128 /* ListViewCard.swift */ = {isa = PBXFileReference; lastKnownFileType = sourcecode.swift; path = ListViewCard.swift; sourceTree = "<group>"; };
		FDDA48812A0C4C5B00270128 /* FeaturedViewCard.swift */ = {isa = PBXFileReference; lastKnownFileType = sourcecode.swift; path = FeaturedViewCard.swift; sourceTree = "<group>"; };
		FDDA48832A0C4C6900270128 /* DetailViewCard.swift */ = {isa = PBXFileReference; lastKnownFileType = sourcecode.swift; path = DetailViewCard.swift; sourceTree = "<group>"; };
		FDDA488B2A0CBCA700270128 /* ViewModifiers.swift */ = {isa = PBXFileReference; lastKnownFileType = sourcecode.swift; path = ViewModifiers.swift; sourceTree = "<group>"; };
		FDDA488D2A0CC19A00270128 /* WebImageView.swift */ = {isa = PBXFileReference; lastKnownFileType = sourcecode.swift; path = WebImageView.swift; sourceTree = "<group>"; };
/* End PBXFileReference section */

/* Begin PBXFrameworksBuildPhase section */
		FDDA48382A0AEFCB00270128 /* Frameworks */ = {
			isa = PBXFrameworksBuildPhase;
			buildActionMask = 2147483647;
			files = (
				FDDA488A2A0C966700270128 /* SDWebImageSwiftUI in Frameworks */,
				FDDA48872A0C4CC900270128 /* SDWebImage in Frameworks */,
				FDDA486A2A0AF74E00270128 /* Contentful in Frameworks */,
			);
			runOnlyForDeploymentPostprocessing = 0;
		};
		FDDA48482A0AEFCD00270128 /* Frameworks */ = {
			isa = PBXFrameworksBuildPhase;
			buildActionMask = 2147483647;
			files = (
			);
			runOnlyForDeploymentPostprocessing = 0;
		};
		FDDA48522A0AEFCD00270128 /* Frameworks */ = {
			isa = PBXFrameworksBuildPhase;
			buildActionMask = 2147483647;
			files = (
			);
			runOnlyForDeploymentPostprocessing = 0;
		};
/* End PBXFrameworksBuildPhase section */

/* Begin PBXGroup section */
		FDDA48322A0AEFCB00270128 = {
			isa = PBXGroup;
			children = (
				FDDA483D2A0AEFCB00270128 /* NewsAppSwiftUI */,
				FDDA484E2A0AEFCD00270128 /* NewsAppSwiftUITests */,
				FDDA48582A0AEFCD00270128 /* NewsAppSwiftUIUITests */,
				FDDA483C2A0AEFCB00270128 /* Products */,
			);
			sourceTree = "<group>";
		};
		FDDA483C2A0AEFCB00270128 /* Products */ = {
			isa = PBXGroup;
			children = (
				FDDA483B2A0AEFCB00270128 /* NewsAppSwiftUI.app */,
				FDDA484B2A0AEFCD00270128 /* NewsAppSwiftUITests.xctest */,
				FDDA48552A0AEFCD00270128 /* NewsAppSwiftUIUITests.xctest */,
			);
			name = Products;
			sourceTree = "<group>";
		};
		FDDA483D2A0AEFCB00270128 /* NewsAppSwiftUI */ = {
			isa = PBXGroup;
			children = (
				FDDA486E2A0AF78900270128 /* ApiClient */,
				FDDA486D2A0AF78300270128 /* ViewModel */,
				FDDA486C2A0AF78000270128 /* Views */,
				FDDA486B2A0AF77900270128 /* Model */,
				FDDA483E2A0AEFCB00270128 /* NewsAppSwiftUIApp.swift */,
				FDDA48422A0AEFCD00270128 /* Assets.xcassets */,
				FDDA48442A0AEFCD00270128 /* Preview Content */,
			);
			path = NewsAppSwiftUI;
			sourceTree = "<group>";
		};
		FDDA48442A0AEFCD00270128 /* Preview Content */ = {
			isa = PBXGroup;
			children = (
				FDDA48452A0AEFCD00270128 /* Preview Assets.xcassets */,
			);
			path = "Preview Content";
			sourceTree = "<group>";
		};
		FDDA484E2A0AEFCD00270128 /* NewsAppSwiftUITests */ = {
			isa = PBXGroup;
			children = (
				FDDA484F2A0AEFCD00270128 /* NewsAppSwiftUITests.swift */,
			);
			path = NewsAppSwiftUITests;
			sourceTree = "<group>";
		};
		FDDA48582A0AEFCD00270128 /* NewsAppSwiftUIUITests */ = {
			isa = PBXGroup;
			children = (
				FDDA48592A0AEFCD00270128 /* NewsAppSwiftUIUITests.swift */,
				FDDA485B2A0AEFCD00270128 /* NewsAppSwiftUIUITestsLaunchTests.swift */,
			);
			path = NewsAppSwiftUIUITests;
			sourceTree = "<group>";
		};
		FDDA486B2A0AF77900270128 /* Model */ = {
			isa = PBXGroup;
			children = (
				FDDA48732A0BE14C00270128 /* Model.swift */,
			);
			path = Model;
			sourceTree = "<group>";
		};
		FDDA486C2A0AF78000270128 /* Views */ = {
			isa = PBXGroup;
			children = (
				FDDA48402A0AEFCB00270128 /* ContentView.swift */,
				FDDA486F2A0B147900270128 /* MainView.swift */,
				FDDA48712A0B148A00270128 /* AllPosts.swift */,
				FDDA487F2A0C4C3E00270128 /* ListViewCard.swift */,
				FDDA48812A0C4C5B00270128 /* FeaturedViewCard.swift */,
				FDDA48832A0C4C6900270128 /* DetailViewCard.swift */,
				FDDA488B2A0CBCA700270128 /* ViewModifiers.swift */,
				FDDA488D2A0CC19A00270128 /* WebImageView.swift */,
			);
			path = Views;
			sourceTree = "<group>";
		};
		FDDA486D2A0AF78300270128 /* ViewModel */ = {
			isa = PBXGroup;
			children = (
				FDDA48792A0BF6D900270128 /* ViewModel.swift */,
			);
			path = ViewModel;
			sourceTree = "<group>";
		};
		FDDA486E2A0AF78900270128 /* ApiClient */ = {
			isa = PBXGroup;
			children = (
				FDDA48752A0BE43300270128 /* ApiClient.swift */,
				FDDA48772A0BEBB100270128 /* Constant.swift */,
			);
			path = ApiClient;
			sourceTree = "<group>";
		};
/* End PBXGroup section */

/* Begin PBXNativeTarget section */
		FDDA483A2A0AEFCB00270128 /* NewsAppSwiftUI */ = {
			isa = PBXNativeTarget;
			buildConfigurationList = FDDA485F2A0AEFCD00270128 /* Build configuration list for PBXNativeTarget "NewsAppSwiftUI" */;
			buildPhases = (
				FDDA48372A0AEFCB00270128 /* Sources */,
				FDDA48382A0AEFCB00270128 /* Frameworks */,
				FDDA48392A0AEFCB00270128 /* Resources */,
			);
			buildRules = (
			);
			dependencies = (
			);
			name = NewsAppSwiftUI;
			packageProductDependencies = (
				FDDA48692A0AF74E00270128 /* Contentful */,
				FDDA48862A0C4CC900270128 /* SDWebImage */,
				FDDA48892A0C966700270128 /* SDWebImageSwiftUI */,
			);
			productName = NewsAppSwiftUI;
			productReference = FDDA483B2A0AEFCB00270128 /* NewsAppSwiftUI.app */;
			productType = "com.apple.product-type.application";
		};
		FDDA484A2A0AEFCD00270128 /* NewsAppSwiftUITests */ = {
			isa = PBXNativeTarget;
			buildConfigurationList = FDDA48622A0AEFCD00270128 /* Build configuration list for PBXNativeTarget "NewsAppSwiftUITests" */;
			buildPhases = (
				FDDA48472A0AEFCD00270128 /* Sources */,
				FDDA48482A0AEFCD00270128 /* Frameworks */,
				FDDA48492A0AEFCD00270128 /* Resources */,
			);
			buildRules = (
			);
			dependencies = (
				FDDA484D2A0AEFCD00270128 /* PBXTargetDependency */,
			);
			name = NewsAppSwiftUITests;
			productName = NewsAppSwiftUITests;
			productReference = FDDA484B2A0AEFCD00270128 /* NewsAppSwiftUITests.xctest */;
			productType = "com.apple.product-type.bundle.unit-test";
		};
		FDDA48542A0AEFCD00270128 /* NewsAppSwiftUIUITests */ = {
			isa = PBXNativeTarget;
			buildConfigurationList = FDDA48652A0AEFCD00270128 /* Build configuration list for PBXNativeTarget "NewsAppSwiftUIUITests" */;
			buildPhases = (
				FDDA48512A0AEFCD00270128 /* Sources */,
				FDDA48522A0AEFCD00270128 /* Frameworks */,
				FDDA48532A0AEFCD00270128 /* Resources */,
			);
			buildRules = (
			);
			dependencies = (
				FDDA48572A0AEFCD00270128 /* PBXTargetDependency */,
			);
			name = NewsAppSwiftUIUITests;
			productName = NewsAppSwiftUIUITests;
			productReference = FDDA48552A0AEFCD00270128 /* NewsAppSwiftUIUITests.xctest */;
			productType = "com.apple.product-type.bundle.ui-testing";
		};
/* End PBXNativeTarget section */

/* Begin PBXProject section */
		FDDA48332A0AEFCB00270128 /* Project object */ = {
			isa = PBXProject;
			attributes = {
				BuildIndependentTargetsInParallel = 1;
				LastSwiftUpdateCheck = 1430;
				LastUpgradeCheck = 1430;
				TargetAttributes = {
					FDDA483A2A0AEFCB00270128 = {
						CreatedOnToolsVersion = 14.3;
					};
					FDDA484A2A0AEFCD00270128 = {
						CreatedOnToolsVersion = 14.3;
						TestTargetID = FDDA483A2A0AEFCB00270128;
					};
					FDDA48542A0AEFCD00270128 = {
						CreatedOnToolsVersion = 14.3;
						TestTargetID = FDDA483A2A0AEFCB00270128;
					};
				};
			};
			buildConfigurationList = FDDA48362A0AEFCB00270128 /* Build configuration list for PBXProject "NewsAppSwiftUI" */;
			compatibilityVersion = "Xcode 14.0";
			developmentRegion = en;
			hasScannedForEncodings = 0;
			knownRegions = (
				en,
				Base,
			);
			mainGroup = FDDA48322A0AEFCB00270128;
			packageReferences = (
				FDDA48682A0AF74E00270128 /* XCRemoteSwiftPackageReference "contentful" */,
				FDDA48852A0C4CC900270128 /* XCRemoteSwiftPackageReference "SDWebImage" */,
				FDDA48882A0C966600270128 /* XCRemoteSwiftPackageReference "SDWebImageSwiftUI" */,
			);
			productRefGroup = FDDA483C2A0AEFCB00270128 /* Products */;
			projectDirPath = "";
			projectRoot = "";
			targets = (
				FDDA483A2A0AEFCB00270128 /* NewsAppSwiftUI */,
				FDDA484A2A0AEFCD00270128 /* NewsAppSwiftUITests */,
				FDDA48542A0AEFCD00270128 /* NewsAppSwiftUIUITests */,
			);
		};
/* End PBXProject section */

/* Begin PBXResourcesBuildPhase section */
		FDDA48392A0AEFCB00270128 /* Resources */ = {
			isa = PBXResourcesBuildPhase;
			buildActionMask = 2147483647;
			files = (
				FDDA48462A0AEFCD00270128 /* Preview Assets.xcassets in Resources */,
				FDDA48432A0AEFCD00270128 /* Assets.xcassets in Resources */,
			);
			runOnlyForDeploymentPostprocessing = 0;
		};
		FDDA48492A0AEFCD00270128 /* Resources */ = {
			isa = PBXResourcesBuildPhase;
			buildActionMask = 2147483647;
			files = (
			);
			runOnlyForDeploymentPostprocessing = 0;
		};
		FDDA48532A0AEFCD00270128 /* Resources */ = {
			isa = PBXResourcesBuildPhase;
			buildActionMask = 2147483647;
			files = (
			);
			runOnlyForDeploymentPostprocessing = 0;
		};
/* End PBXResourcesBuildPhase section */

/* Begin PBXSourcesBuildPhase section */
		FDDA48372A0AEFCB00270128 /* Sources */ = {
			isa = PBXSourcesBuildPhase;
			buildActionMask = 2147483647;
			files = (
				FDDA488E2A0CC19A00270128 /* WebImageView.swift in Sources */,
				FDDA48822A0C4C5B00270128 /* FeaturedViewCard.swift in Sources */,
				FDDA48842A0C4C6900270128 /* DetailViewCard.swift in Sources */,
				FDDA48782A0BEBB100270128 /* Constant.swift in Sources */,
				FDDA488C2A0CBCA700270128 /* ViewModifiers.swift in Sources */,
				FDDA48742A0BE14D00270128 /* Model.swift in Sources */,
				FDDA48412A0AEFCB00270128 /* ContentView.swift in Sources */,
				FDDA48802A0C4C3E00270128 /* ListViewCard.swift in Sources */,
				FDDA48702A0B147900270128 /* MainView.swift in Sources */,
				FDDA483F2A0AEFCB00270128 /* NewsAppSwiftUIApp.swift in Sources */,
				FDDA48722A0B148A00270128 /* AllPosts.swift in Sources */,
				FDDA487A2A0BF6D900270128 /* ViewModel.swift in Sources */,
				FDDA48762A0BE43300270128 /* ApiClient.swift in Sources */,
			);
			runOnlyForDeploymentPostprocessing = 0;
		};
		FDDA48472A0AEFCD00270128 /* Sources */ = {
			isa = PBXSourcesBuildPhase;
			buildActionMask = 2147483647;
			files = (
				FDDA48502A0AEFCD00270128 /* NewsAppSwiftUITests.swift in Sources */,
			);
			runOnlyForDeploymentPostprocessing = 0;
		};
		FDDA48512A0AEFCD00270128 /* Sources */ = {
			isa = PBXSourcesBuildPhase;
			buildActionMask = 2147483647;
			files = (
				FDDA485A2A0AEFCD00270128 /* NewsAppSwiftUIUITests.swift in Sources */,
				FDDA485C2A0AEFCD00270128 /* NewsAppSwiftUIUITestsLaunchTests.swift in Sources */,
			);
			runOnlyForDeploymentPostprocessing = 0;
		};
/* End PBXSourcesBuildPhase section */

/* Begin PBXTargetDependency section */
		FDDA484D2A0AEFCD00270128 /* PBXTargetDependency */ = {
			isa = PBXTargetDependency;
			target = FDDA483A2A0AEFCB00270128 /* NewsAppSwiftUI */;
			targetProxy = FDDA484C2A0AEFCD00270128 /* PBXContainerItemProxy */;
		};
		FDDA48572A0AEFCD00270128 /* PBXTargetDependency */ = {
			isa = PBXTargetDependency;
			target = FDDA483A2A0AEFCB00270128 /* NewsAppSwiftUI */;
			targetProxy = FDDA48562A0AEFCD00270128 /* PBXContainerItemProxy */;
		};
/* End PBXTargetDependency section */

/* Begin XCBuildConfiguration section */
		FDDA485D2A0AEFCD00270128 /* Debug */ = {
			isa = XCBuildConfiguration;
			buildSettings = {
				ALWAYS_SEARCH_USER_PATHS = NO;
				CLANG_ANALYZER_NONNULL = YES;
				CLANG_ANALYZER_NUMBER_OBJECT_CONVERSION = YES_AGGRESSIVE;
				CLANG_CXX_LANGUAGE_STANDARD = "gnu++20";
				CLANG_ENABLE_MODULES = YES;
				CLANG_ENABLE_OBJC_ARC = YES;
				CLANG_ENABLE_OBJC_WEAK = YES;
				CLANG_WARN_BLOCK_CAPTURE_AUTORELEASING = YES;
				CLANG_WARN_BOOL_CONVERSION = YES;
				CLANG_WARN_COMMA = YES;
				CLANG_WARN_CONSTANT_CONVERSION = YES;
				CLANG_WARN_DEPRECATED_OBJC_IMPLEMENTATIONS = YES;
				CLANG_WARN_DIRECT_OBJC_ISA_USAGE = YES_ERROR;
				CLANG_WARN_DOCUMENTATION_COMMENTS = YES;
				CLANG_WARN_EMPTY_BODY = YES;
				CLANG_WARN_ENUM_CONVERSION = YES;
				CLANG_WARN_INFINITE_RECURSION = YES;
				CLANG_WARN_INT_CONVERSION = YES;
				CLANG_WARN_NON_LITERAL_NULL_CONVERSION = YES;
				CLANG_WARN_OBJC_IMPLICIT_RETAIN_SELF = YES;
				CLANG_WARN_OBJC_LITERAL_CONVERSION = YES;
				CLANG_WARN_OBJC_ROOT_CLASS = YES_ERROR;
				CLANG_WARN_QUOTED_INCLUDE_IN_FRAMEWORK_HEADER = YES;
				CLANG_WARN_RANGE_LOOP_ANALYSIS = YES;
				CLANG_WARN_STRICT_PROTOTYPES = YES;
				CLANG_WARN_SUSPICIOUS_MOVE = YES;
				CLANG_WARN_UNGUARDED_AVAILABILITY = YES_AGGRESSIVE;
				CLANG_WARN_UNREACHABLE_CODE = YES;
				CLANG_WARN__DUPLICATE_METHOD_MATCH = YES;
				COPY_PHASE_STRIP = NO;
				DEBUG_INFORMATION_FORMAT = dwarf;
				ENABLE_STRICT_OBJC_MSGSEND = YES;
				ENABLE_TESTABILITY = YES;
				GCC_C_LANGUAGE_STANDARD = gnu11;
				GCC_DYNAMIC_NO_PIC = NO;
				GCC_NO_COMMON_BLOCKS = YES;
				GCC_OPTIMIZATION_LEVEL = 0;
				GCC_PREPROCESSOR_DEFINITIONS = (
					"DEBUG=1",
					"$(inherited)",
				);
				GCC_WARN_64_TO_32_BIT_CONVERSION = YES;
				GCC_WARN_ABOUT_RETURN_TYPE = YES_ERROR;
				GCC_WARN_UNDECLARED_SELECTOR = YES;
				GCC_WARN_UNINITIALIZED_AUTOS = YES_AGGRESSIVE;
				GCC_WARN_UNUSED_FUNCTION = YES;
				GCC_WARN_UNUSED_VARIABLE = YES;
				IPHONEOS_DEPLOYMENT_TARGET = 16.4;
				MTL_ENABLE_DEBUG_INFO = INCLUDE_SOURCE;
				MTL_FAST_MATH = YES;
				ONLY_ACTIVE_ARCH = YES;
				SDKROOT = iphoneos;
				SWIFT_ACTIVE_COMPILATION_CONDITIONS = DEBUG;
				SWIFT_OPTIMIZATION_LEVEL = "-Onone";
			};
			name = Debug;
		};
		FDDA485E2A0AEFCD00270128 /* Release */ = {
			isa = XCBuildConfiguration;
			buildSettings = {
				ALWAYS_SEARCH_USER_PATHS = NO;
				CLANG_ANALYZER_NONNULL = YES;
				CLANG_ANALYZER_NUMBER_OBJECT_CONVERSION = YES_AGGRESSIVE;
				CLANG_CXX_LANGUAGE_STANDARD = "gnu++20";
				CLANG_ENABLE_MODULES = YES;
				CLANG_ENABLE_OBJC_ARC = YES;
				CLANG_ENABLE_OBJC_WEAK = YES;
				CLANG_WARN_BLOCK_CAPTURE_AUTORELEASING = YES;
				CLANG_WARN_BOOL_CONVERSION = YES;
				CLANG_WARN_COMMA = YES;
				CLANG_WARN_CONSTANT_CONVERSION = YES;
				CLANG_WARN_DEPRECATED_OBJC_IMPLEMENTATIONS = YES;
				CLANG_WARN_DIRECT_OBJC_ISA_USAGE = YES_ERROR;
				CLANG_WARN_DOCUMENTATION_COMMENTS = YES;
				CLANG_WARN_EMPTY_BODY = YES;
				CLANG_WARN_ENUM_CONVERSION = YES;
				CLANG_WARN_INFINITE_RECURSION = YES;
				CLANG_WARN_INT_CONVERSION = YES;
				CLANG_WARN_NON_LITERAL_NULL_CONVERSION = YES;
				CLANG_WARN_OBJC_IMPLICIT_RETAIN_SELF = YES;
				CLANG_WARN_OBJC_LITERAL_CONVERSION = YES;
				CLANG_WARN_OBJC_ROOT_CLASS = YES_ERROR;
				CLANG_WARN_QUOTED_INCLUDE_IN_FRAMEWORK_HEADER = YES;
				CLANG_WARN_RANGE_LOOP_ANALYSIS = YES;
				CLANG_WARN_STRICT_PROTOTYPES = YES;
				CLANG_WARN_SUSPICIOUS_MOVE = YES;
				CLANG_WARN_UNGUARDED_AVAILABILITY = YES_AGGRESSIVE;
				CLANG_WARN_UNREACHABLE_CODE = YES;
				CLANG_WARN__DUPLICATE_METHOD_MATCH = YES;
				COPY_PHASE_STRIP = NO;
				DEBUG_INFORMATION_FORMAT = "dwarf-with-dsym";
				ENABLE_NS_ASSERTIONS = NO;
				ENABLE_STRICT_OBJC_MSGSEND = YES;
				GCC_C_LANGUAGE_STANDARD = gnu11;
				GCC_NO_COMMON_BLOCKS = YES;
				GCC_WARN_64_TO_32_BIT_CONVERSION = YES;
				GCC_WARN_ABOUT_RETURN_TYPE = YES_ERROR;
				GCC_WARN_UNDECLARED_SELECTOR = YES;
				GCC_WARN_UNINITIALIZED_AUTOS = YES_AGGRESSIVE;
				GCC_WARN_UNUSED_FUNCTION = YES;
				GCC_WARN_UNUSED_VARIABLE = YES;
				IPHONEOS_DEPLOYMENT_TARGET = 16.4;
				MTL_ENABLE_DEBUG_INFO = NO;
				MTL_FAST_MATH = YES;
				SDKROOT = iphoneos;
				SWIFT_COMPILATION_MODE = wholemodule;
				SWIFT_OPTIMIZATION_LEVEL = "-O";
				VALIDATE_PRODUCT = YES;
			};
			name = Release;
		};
		FDDA48602A0AEFCD00270128 /* Debug */ = {
			isa = XCBuildConfiguration;
			buildSettings = {
				ASSETCATALOG_COMPILER_APPICON_NAME = AppIcon;
				ASSETCATALOG_COMPILER_GLOBAL_ACCENT_COLOR_NAME = AccentColor;
				CODE_SIGN_STYLE = Automatic;
				CURRENT_PROJECT_VERSION = 1;
				DEVELOPMENT_ASSET_PATHS = "\"NewsAppSwiftUI/Preview Content\"";
				DEVELOPMENT_TEAM = 8F2485T5AY;
				ENABLE_PREVIEWS = YES;
				GENERATE_INFOPLIST_FILE = YES;
				INFOPLIST_KEY_UIApplicationSceneManifest_Generation = YES;
				INFOPLIST_KEY_UIApplicationSupportsIndirectInputEvents = YES;
				INFOPLIST_KEY_UILaunchScreen_Generation = YES;
				INFOPLIST_KEY_UISupportedInterfaceOrientations_iPad = "UIInterfaceOrientationPortrait UIInterfaceOrientationPortraitUpsideDown UIInterfaceOrientationLandscapeLeft UIInterfaceOrientationLandscapeRight";
				INFOPLIST_KEY_UISupportedInterfaceOrientations_iPhone = "UIInterfaceOrientationPortrait UIInterfaceOrientationLandscapeLeft UIInterfaceOrientationLandscapeRight";
				LD_RUNPATH_SEARCH_PATHS = (
					"$(inherited)",
					"@executable_path/Frameworks",
				);
				MARKETING_VERSION = 1.0;
				PRODUCT_BUNDLE_IDENTIFIER = code.with.hanh.NewsAppSwiftUI;
				PRODUCT_NAME = "$(TARGET_NAME)";
				SWIFT_EMIT_LOC_STRINGS = YES;
				SWIFT_VERSION = 5.0;
				TARGETED_DEVICE_FAMILY = "1,2";
			};
			name = Debug;
		};
		FDDA48612A0AEFCD00270128 /* Release */ = {
			isa = XCBuildConfiguration;
			buildSettings = {
				ASSETCATALOG_COMPILER_APPICON_NAME = AppIcon;
				ASSETCATALOG_COMPILER_GLOBAL_ACCENT_COLOR_NAME = AccentColor;
				CODE_SIGN_STYLE = Automatic;
				CURRENT_PROJECT_VERSION = 1;
				DEVELOPMENT_ASSET_PATHS = "\"NewsAppSwiftUI/Preview Content\"";
				DEVELOPMENT_TEAM = 8F2485T5AY;
				ENABLE_PREVIEWS = YES;
				GENERATE_INFOPLIST_FILE = YES;
				INFOPLIST_KEY_UIApplicationSceneManifest_Generation = YES;
				INFOPLIST_KEY_UIApplicationSupportsIndirectInputEvents = YES;
				INFOPLIST_KEY_UILaunchScreen_Generation = YES;
				INFOPLIST_KEY_UISupportedInterfaceOrientations_iPad = "UIInterfaceOrientationPortrait UIInterfaceOrientationPortraitUpsideDown UIInterfaceOrientationLandscapeLeft UIInterfaceOrientationLandscapeRight";
				INFOPLIST_KEY_UISupportedInterfaceOrientations_iPhone = "UIInterfaceOrientationPortrait UIInterfaceOrientationLandscapeLeft UIInterfaceOrientationLandscapeRight";
				LD_RUNPATH_SEARCH_PATHS = (
					"$(inherited)",
					"@executable_path/Frameworks",
				);
				MARKETING_VERSION = 1.0;
				PRODUCT_BUNDLE_IDENTIFIER = code.with.hanh.NewsAppSwiftUI;
				PRODUCT_NAME = "$(TARGET_NAME)";
				SWIFT_EMIT_LOC_STRINGS = YES;
				SWIFT_VERSION = 5.0;
				TARGETED_DEVICE_FAMILY = "1,2";
			};
			name = Release;
		};
		FDDA48632A0AEFCD00270128 /* Debug */ = {
			isa = XCBuildConfiguration;
			buildSettings = {
				ALWAYS_EMBED_SWIFT_STANDARD_LIBRARIES = YES;
				BUNDLE_LOADER = "$(TEST_HOST)";
				CODE_SIGN_STYLE = Automatic;
				CURRENT_PROJECT_VERSION = 1;
				DEVELOPMENT_TEAM = 8F2485T5AY;
				GENERATE_INFOPLIST_FILE = YES;
				IPHONEOS_DEPLOYMENT_TARGET = 16.4;
				MARKETING_VERSION = 1.0;
				PRODUCT_BUNDLE_IDENTIFIER = code.with.hanh.NewsAppSwiftUITests;
				PRODUCT_NAME = "$(TARGET_NAME)";
				SWIFT_EMIT_LOC_STRINGS = NO;
				SWIFT_VERSION = 5.0;
				TARGETED_DEVICE_FAMILY = "1,2";
				TEST_HOST = "$(BUILT_PRODUCTS_DIR)/NewsAppSwiftUI.app/$(BUNDLE_EXECUTABLE_FOLDER_PATH)/NewsAppSwiftUI";
			};
			name = Debug;
		};
		FDDA48642A0AEFCD00270128 /* Release */ = {
			isa = XCBuildConfiguration;
			buildSettings = {
				ALWAYS_EMBED_SWIFT_STANDARD_LIBRARIES = YES;
				BUNDLE_LOADER = "$(TEST_HOST)";
				CODE_SIGN_STYLE = Automatic;
				CURRENT_PROJECT_VERSION = 1;
				DEVELOPMENT_TEAM = 8F2485T5AY;
				GENERATE_INFOPLIST_FILE = YES;
				IPHONEOS_DEPLOYMENT_TARGET = 16.4;
				MARKETING_VERSION = 1.0;
				PRODUCT_BUNDLE_IDENTIFIER = code.with.hanh.NewsAppSwiftUITests;
				PRODUCT_NAME = "$(TARGET_NAME)";
				SWIFT_EMIT_LOC_STRINGS = NO;
				SWIFT_VERSION = 5.0;
				TARGETED_DEVICE_FAMILY = "1,2";
				TEST_HOST = "$(BUILT_PRODUCTS_DIR)/NewsAppSwiftUI.app/$(BUNDLE_EXECUTABLE_FOLDER_PATH)/NewsAppSwiftUI";
			};
			name = Release;
		};
		FDDA48662A0AEFCD00270128 /* Debug */ = {
			isa = XCBuildConfiguration;
			buildSettings = {
				ALWAYS_EMBED_SWIFT_STANDARD_LIBRARIES = YES;
				CODE_SIGN_STYLE = Automatic;
				CURRENT_PROJECT_VERSION = 1;
				DEVELOPMENT_TEAM = 8F2485T5AY;
				GENERATE_INFOPLIST_FILE = YES;
				MARKETING_VERSION = 1.0;
				PRODUCT_BUNDLE_IDENTIFIER = code.with.hanh.NewsAppSwiftUIUITests;
				PRODUCT_NAME = "$(TARGET_NAME)";
				SWIFT_EMIT_LOC_STRINGS = NO;
				SWIFT_VERSION = 5.0;
				TARGETED_DEVICE_FAMILY = "1,2";
				TEST_TARGET_NAME = NewsAppSwiftUI;
			};
			name = Debug;
		};
		FDDA48672A0AEFCD00270128 /* Release */ = {
			isa = XCBuildConfiguration;
			buildSettings = {
				ALWAYS_EMBED_SWIFT_STANDARD_LIBRARIES = YES;
				CODE_SIGN_STYLE = Automatic;
				CURRENT_PROJECT_VERSION = 1;
				DEVELOPMENT_TEAM = 8F2485T5AY;
				GENERATE_INFOPLIST_FILE = YES;
				MARKETING_VERSION = 1.0;
				PRODUCT_BUNDLE_IDENTIFIER = code.with.hanh.NewsAppSwiftUIUITests;
				PRODUCT_NAME = "$(TARGET_NAME)";
				SWIFT_EMIT_LOC_STRINGS = NO;
				SWIFT_VERSION = 5.0;
				TARGETED_DEVICE_FAMILY = "1,2";
				TEST_TARGET_NAME = NewsAppSwiftUI;
			};
			name = Release;
		};
/* End XCBuildConfiguration section */

/* Begin XCConfigurationList section */
		FDDA48362A0AEFCB00270128 /* Build configuration list for PBXProject "NewsAppSwiftUI" */ = {
			isa = XCConfigurationList;
			buildConfigurations = (
				FDDA485D2A0AEFCD00270128 /* Debug */,
				FDDA485E2A0AEFCD00270128 /* Release */,
			);
			defaultConfigurationIsVisible = 0;
			defaultConfigurationName = Release;
		};
		FDDA485F2A0AEFCD00270128 /* Build configuration list for PBXNativeTarget "NewsAppSwiftUI" */ = {
			isa = XCConfigurationList;
			buildConfigurations = (
				FDDA48602A0AEFCD00270128 /* Debug */,
				FDDA48612A0AEFCD00270128 /* Release */,
			);
			defaultConfigurationIsVisible = 0;
			defaultConfigurationName = Release;
		};
		FDDA48622A0AEFCD00270128 /* Build configuration list for PBXNativeTarget "NewsAppSwiftUITests" */ = {
			isa = XCConfigurationList;
			buildConfigurations = (
				FDDA48632A0AEFCD00270128 /* Debug */,
				FDDA48642A0AEFCD00270128 /* Release */,
			);
			defaultConfigurationIsVisible = 0;
			defaultConfigurationName = Release;
		};
		FDDA48652A0AEFCD00270128 /* Build configuration list for PBXNativeTarget "NewsAppSwiftUIUITests" */ = {
			isa = XCConfigurationList;
			buildConfigurations = (
				FDDA48662A0AEFCD00270128 /* Debug */,
				FDDA48672A0AEFCD00270128 /* Release */,
			);
			defaultConfigurationIsVisible = 0;
			defaultConfigurationName = Release;
		};
/* End XCConfigurationList section */

/* Begin XCRemoteSwiftPackageReference section */
		FDDA48682A0AF74E00270128 /* XCRemoteSwiftPackageReference "contentful" */ = {
			isa = XCRemoteSwiftPackageReference;
			repositoryURL = "https://github.com/contentful/contentful.swift";
			requirement = {
				kind = upToNextMajorVersion;
				minimumVersion = 5.0.0;
			};
		};
		FDDA48852A0C4CC900270128 /* XCRemoteSwiftPackageReference "SDWebImage" */ = {
			isa = XCRemoteSwiftPackageReference;
			repositoryURL = "https://github.com/SDWebImage/SDWebImage";
			requirement = {
				kind = upToNextMajorVersion;
				minimumVersion = 5.0.0;
			};
		};
		FDDA48882A0C966600270128 /* XCRemoteSwiftPackageReference "SDWebImageSwiftUI" */ = {
			isa = XCRemoteSwiftPackageReference;
			repositoryURL = "https://github.com/SDWebImage/SDWebImageSwiftUI";
			requirement = {
				kind = upToNextMajorVersion;
				minimumVersion = 2.0.0;
			};
		};
/* End XCRemoteSwiftPackageReference section */

/* Begin XCSwiftPackageProductDependency section */
		FDDA48692A0AF74E00270128 /* Contentful */ = {
			isa = XCSwiftPackageProductDependency;
			package = FDDA48682A0AF74E00270128 /* XCRemoteSwiftPackageReference "contentful" */;
			productName = Contentful;
		};
		FDDA48862A0C4CC900270128 /* SDWebImage */ = {
			isa = XCSwiftPackageProductDependency;
			package = FDDA48852A0C4CC900270128 /* XCRemoteSwiftPackageReference "SDWebImage" */;
			productName = SDWebImage;
		};
		FDDA48892A0C966700270128 /* SDWebImageSwiftUI */ = {
			isa = XCSwiftPackageProductDependency;
			package = FDDA48882A0C966600270128 /* XCRemoteSwiftPackageReference "SDWebImageSwiftUI" */;
			productName = SDWebImageSwiftUI;
		};
/* End XCSwiftPackageProductDependency section */
	};
	rootObject = FDDA48332A0AEFCB00270128 /* Project object */;
}
